PODS:
  - React (0.44.3):
    - React/Core (= 0.44.3)
  - React/Core (0.44.3):
    - React/cxxreact
    - Yoga (= 0.44.3.React)
  - React/cxxreact (0.44.3):
    - React/jschelpers
  - React/DevSupport (0.44.3):
    - React/Core
    - React/RCTWebSocket
  - React/jschelpers (0.44.3)
  - React/RCTAnimation (0.44.3):
    - React/Core
  - React/RCTImage (0.44.3):
    - React/Core
    - React/RCTNetwork
  - React/RCTNetwork (0.44.3):
    - React/Core
  - React/RCTText (0.44.3):
    - React/Core
  - React/RCTWebSocket (0.44.3):
    - React/Core
  - SDWebImage (4.0.0):
    - SDWebImage/Core (= 4.0.0)
  - SDWebImage/Core (4.0.0)
  - Yoga (0.44.3.React)

DEPENDENCIES:
  - React (from `../`)
  - React/DevSupport (from `../`)
  - React/RCTAnimation (from `../`)
  - React/RCTImage (from `../`)
  - React/RCTNetwork (from `../`)
  - React/RCTText (from `../`)
  - React/RCTWebSocket (from `../`)
  - SDWebImage (= 4.0.0)
  - Yoga (from `../ReactCommon/yoga`)

EXTERNAL SOURCES:
  React:
    :path: "../"
  Yoga:
    :path: "../ReactCommon/yoga"

SPEC CHECKSUMS:
  React: e3d6992cbcac9350d63a344c3f35dcd0f7841c75
  SDWebImage: 76a6348bdc74eb5a55dd08a091ef298e56b55e41
  Yoga: c90474ca3ec1edba44c97b6c381f03e222a9e287

PODFILE CHECKSUM: c25488ec8299289c5d91fd13ea1e01a52c32143b

COCOAPODS: 1.2.1
